// !$*UTF8*$!
{
	archiveVersion = 1;
	classes = {
	};
	objectVersion = 56;
	objects = {

/* Begin PBXBuildFile section */
		016F8D821C08826CFF32B064 /* libPods-NotificationService.a in Frameworks */ = {isa = PBXBuildFile; fileRef = D3970AB080A956906064A236 /* libPods-NotificationService.a */; };
		110559C744BF00C2B99338DD /* libPods-WebEngageSampleApp.a in Frameworks */ = {isa = PBXBuildFile; fileRef = 79B974E2DE9BC9654217EB52 /* libPods-WebEngageSampleApp.a */; };
		346640E7A302F0212090EA03 /* libPods-NotificationViewController.a in Frameworks */ = {isa = PBXBuildFile; fileRef = 5FBBD4C94A5C27E01D3A33F0 /* libPods-NotificationViewController.a */; };
		3E4111CC2A25A74100FAE53E /* AppDelegate.swift in Sources */ = {isa = PBXBuildFile; fileRef = 3E4111CB2A25A74100FAE53E /* AppDelegate.swift */; };
		3E4111CE2A25A74100FAE53E /* SceneDelegate.swift in Sources */ = {isa = PBXBuildFile; fileRef = 3E4111CD2A25A74100FAE53E /* SceneDelegate.swift */; };
		3E4111D02A25A74100FAE53E /* LoginViewController.swift in Sources */ = {isa = PBXBuildFile; fileRef = 3E4111CF2A25A74100FAE53E /* LoginViewController.swift */; };
		3E4111D32A25A74100FAE53E /* Main.storyboard in Resources */ = {isa = PBXBuildFile; fileRef = 3E4111D12A25A74100FAE53E /* Main.storyboard */; };
		3E4111D52A25A74200FAE53E /* Assets.xcassets in Resources */ = {isa = PBXBuildFile; fileRef = 3E4111D42A25A74200FAE53E /* Assets.xcassets */; };
		3E4111D82A25A74200FAE53E /* LaunchScreen.storyboard in Resources */ = {isa = PBXBuildFile; fileRef = 3E4111D62A25A74200FAE53E /* LaunchScreen.storyboard */; };
		3E4111EC2A25D9CF00FAE53E /* HomeViewController.swift in Sources */ = {isa = PBXBuildFile; fileRef = 3E4111EB2A25D9CF00FAE53E /* HomeViewController.swift */; };
		3EDCB7DC2A26033200F24C6A /* Home.storyboard in Resources */ = {isa = PBXBuildFile; fileRef = 3EDCB7DB2A26033200F24C6A /* Home.storyboard */; };
		3EDCB7DE2A26034700F24C6A /* TrackEventsViewController.swift in Sources */ = {isa = PBXBuildFile; fileRef = 3EDCB7DD2A26034700F24C6A /* TrackEventsViewController.swift */; };
		3EDCB7F42A260D3600F24C6A /* InlineScreenData.swift in Sources */ = {isa = PBXBuildFile; fileRef = 3EDCB7E82A260D3600F24C6A /* InlineScreenData.swift */; };
		3EDCB7F62A260D3600F24C6A /* Inline.storyboard in Resources */ = {isa = PBXBuildFile; fileRef = 3EDCB7EC2A260D3600F24C6A /* Inline.storyboard */; };
		3EDCB7F72A260D3600F24C6A /* ScreenDetailViewController.swift in Sources */ = {isa = PBXBuildFile; fileRef = 3EDCB7EF2A260D3600F24C6A /* ScreenDetailViewController.swift */; };
		3EDCB7F82A260D3600F24C6A /* InlineListViewController.swift in Sources */ = {isa = PBXBuildFile; fileRef = 3EDCB7F02A260D3600F24C6A /* InlineListViewController.swift */; };
		3EDCB7FA2A260D3600F24C6A /* CustomScreenViewController.swift in Sources */ = {isa = PBXBuildFile; fileRef = 3EDCB7F22A260D3600F24C6A /* CustomScreenViewController.swift */; };
		3EDCB8102A26F9DD00F24C6A /* UserAttributesViewController.swift in Sources */ = {isa = PBXBuildFile; fileRef = 3EDCB80F2A26F9DD00F24C6A /* UserAttributesViewController.swift */; };
		3EF366552A25DC1F0005862E /* CustomCVC.swift in Sources */ = {isa = PBXBuildFile; fileRef = 3EF366542A25DC1F0005862E /* CustomCVC.swift */; };
		D35556632A289B7600CA5ED5 /* WEAppDelegateExtension.swift in Sources */ = {isa = PBXBuildFile; fileRef = D35556622A289B7600CA5ED5 /* WEAppDelegateExtension.swift */; };
		D355566A2A28A5D400CA5ED5 /* UserNotifications.framework in Frameworks */ = {isa = PBXBuildFile; fileRef = 3EDCB8272A27157A00F24C6A /* UserNotifications.framework */; };
		D355566B2A28A5D400CA5ED5 /* UserNotificationsUI.framework in Frameworks */ = {isa = PBXBuildFile; fileRef = 3EDCB8292A27157A00F24C6A /* UserNotificationsUI.framework */; };
		D35556752A28A5D400CA5ED5 /* NotificationService.appex in Embed Foundation Extensions */ = {isa = PBXBuildFile; fileRef = D35556692A28A5D400CA5ED5 /* NotificationService.appex */; settings = {ATTRIBUTES = (RemoveHeadersOnCopy, ); }; };
		D355568D2A28A6C000CA5ED5 /* UserNotifications.framework in Frameworks */ = {isa = PBXBuildFile; fileRef = 3EDCB8272A27157A00F24C6A /* UserNotifications.framework */; };
		D355568E2A28A6C000CA5ED5 /* UserNotificationsUI.framework in Frameworks */ = {isa = PBXBuildFile; fileRef = 3EDCB8292A27157A00F24C6A /* UserNotificationsUI.framework */; };
		D35556912A28A6C000CA5ED5 /* NotificationViewController.swift in Sources */ = {isa = PBXBuildFile; fileRef = D35556902A28A6C000CA5ED5 /* NotificationViewController.swift */; };
		D35556942A28A6C000CA5ED5 /* MainInterface.storyboard in Resources */ = {isa = PBXBuildFile; fileRef = D35556922A28A6C000CA5ED5 /* MainInterface.storyboard */; };
		D35556982A28A6C000CA5ED5 /* NotificationViewController.appex in Embed Foundation Extensions */ = {isa = PBXBuildFile; fileRef = D355568C2A28A6C000CA5ED5 /* NotificationViewController.appex */; settings = {ATTRIBUTES = (RemoveHeadersOnCopy, ); }; };
		D355569E2A28B7AB00CA5ED5 /* NotificationService.swift in Sources */ = {isa = PBXBuildFile; fileRef = D355567F2A28A5F500CA5ED5 /* NotificationService.swift */; };
		D3F76A672A29D95C00F33F82 /* CallBackViewController.swift in Sources */ = {isa = PBXBuildFile; fileRef = D3F76A662A29D95C00F33F82 /* CallBackViewController.swift */; };
		D3F76A6F2A2A130C00F33F82 /* Helper.swift in Sources */ = {isa = PBXBuildFile; fileRef = D3F76A6E2A2A130C00F33F82 /* Helper.swift */; };
		D3F76A7A2A2A19AF00F33F82 /* TrackScreensViewController.swift in Sources */ = {isa = PBXBuildFile; fileRef = D3F76A792A2A19AF00F33F82 /* TrackScreensViewController.swift */; };
		D3F76A7D2A2A209200F33F82 /* AppInboxViewController.swift in Sources */ = {isa = PBXBuildFile; fileRef = D3F76A7C2A2A209200F33F82 /* AppInboxViewController.swift */; };
		D3F76A7F2A2A20AB00F33F82 /* AppInbox.storyboard in Resources */ = {isa = PBXBuildFile; fileRef = D3F76A7E2A2A20AB00F33F82 /* AppInbox.storyboard */; };
/* End PBXBuildFile section */

/* Begin PBXContainerItemProxy section */
		D35556732A28A5D400CA5ED5 /* PBXContainerItemProxy */ = {
			isa = PBXContainerItemProxy;
			containerPortal = 3E4111C02A25A74100FAE53E /* Project object */;
			proxyType = 1;
			remoteGlobalIDString = D35556682A28A5D400CA5ED5;
			remoteInfo = NotificationService;
		};
		D35556962A28A6C000CA5ED5 /* PBXContainerItemProxy */ = {
			isa = PBXContainerItemProxy;
			containerPortal = 3E4111C02A25A74100FAE53E /* Project object */;
			proxyType = 1;
			remoteGlobalIDString = D355568B2A28A6C000CA5ED5;
			remoteInfo = NotificationViewController;
		};
/* End PBXContainerItemProxy section */

/* Begin PBXCopyFilesBuildPhase section */
		3EDCB8212A27155500F24C6A /* Embed Foundation Extensions */ = {
			isa = PBXCopyFilesBuildPhase;
			buildActionMask = 2147483647;
			dstPath = "";
			dstSubfolderSpec = 13;
			files = (
				D35556982A28A6C000CA5ED5 /* NotificationViewController.appex in Embed Foundation Extensions */,
				D35556752A28A5D400CA5ED5 /* NotificationService.appex in Embed Foundation Extensions */,
			);
			name = "Embed Foundation Extensions";
			runOnlyForDeploymentPostprocessing = 0;
		};
/* End PBXCopyFilesBuildPhase section */

/* Begin PBXFileReference section */
		2581A80C9D76986C0AB91868 /* Pods-NotificationViewController.release.xcconfig */ = {isa = PBXFileReference; includeInIndex = 1; lastKnownFileType = text.xcconfig; name = "Pods-NotificationViewController.release.xcconfig"; path = "Target Support Files/Pods-NotificationViewController/Pods-NotificationViewController.release.xcconfig"; sourceTree = "<group>"; };
		3E4111C82A25A74100FAE53E /* WebEngageSampleApp.app */ = {isa = PBXFileReference; explicitFileType = wrapper.application; includeInIndex = 0; path = WebEngageSampleApp.app; sourceTree = BUILT_PRODUCTS_DIR; };
		3E4111CB2A25A74100FAE53E /* AppDelegate.swift */ = {isa = PBXFileReference; lastKnownFileType = sourcecode.swift; path = AppDelegate.swift; sourceTree = "<group>"; };
		3E4111CD2A25A74100FAE53E /* SceneDelegate.swift */ = {isa = PBXFileReference; lastKnownFileType = sourcecode.swift; path = SceneDelegate.swift; sourceTree = "<group>"; };
		3E4111CF2A25A74100FAE53E /* LoginViewController.swift */ = {isa = PBXFileReference; lastKnownFileType = sourcecode.swift; path = LoginViewController.swift; sourceTree = "<group>"; };
		3E4111D22A25A74100FAE53E /* Base */ = {isa = PBXFileReference; lastKnownFileType = file.storyboard; name = Base; path = Base.lproj/Main.storyboard; sourceTree = "<group>"; };
		3E4111D42A25A74200FAE53E /* Assets.xcassets */ = {isa = PBXFileReference; lastKnownFileType = folder.assetcatalog; path = Assets.xcassets; sourceTree = "<group>"; };
		3E4111D72A25A74200FAE53E /* Base */ = {isa = PBXFileReference; lastKnownFileType = file.storyboard; name = Base; path = Base.lproj/LaunchScreen.storyboard; sourceTree = "<group>"; };
		3E4111D92A25A74200FAE53E /* Info.plist */ = {isa = PBXFileReference; lastKnownFileType = text.plist.xml; path = Info.plist; sourceTree = "<group>"; };
		3E4111EB2A25D9CF00FAE53E /* HomeViewController.swift */ = {isa = PBXFileReference; lastKnownFileType = sourcecode.swift; path = HomeViewController.swift; sourceTree = "<group>"; };
		3ECAC80C2A271C3000E7210B /* WebEngageSampleApp-Bridging-Header.h */ = {isa = PBXFileReference; lastKnownFileType = sourcecode.c.h; path = "WebEngageSampleApp-Bridging-Header.h"; sourceTree = "<group>"; };
		3EDCB7DB2A26033200F24C6A /* Home.storyboard */ = {isa = PBXFileReference; fileEncoding = 4; lastKnownFileType = file.storyboard; path = Home.storyboard; sourceTree = "<group>"; };
		3EDCB7DD2A26034700F24C6A /* TrackEventsViewController.swift */ = {isa = PBXFileReference; fileEncoding = 4; lastKnownFileType = sourcecode.swift; path = TrackEventsViewController.swift; sourceTree = "<group>"; };
		3EDCB7E82A260D3600F24C6A /* InlineScreenData.swift */ = {isa = PBXFileReference; fileEncoding = 4; lastKnownFileType = sourcecode.swift; path = InlineScreenData.swift; sourceTree = "<group>"; };
		3EDCB7ED2A260D3600F24C6A /* Base */ = {isa = PBXFileReference; lastKnownFileType = file.storyboard; name = Base; path = Base.lproj/Inline.storyboard; sourceTree = "<group>"; };
		3EDCB7EF2A260D3600F24C6A /* ScreenDetailViewController.swift */ = {isa = PBXFileReference; fileEncoding = 4; lastKnownFileType = sourcecode.swift; path = ScreenDetailViewController.swift; sourceTree = "<group>"; };
		3EDCB7F02A260D3600F24C6A /* InlineListViewController.swift */ = {isa = PBXFileReference; fileEncoding = 4; lastKnownFileType = sourcecode.swift; path = InlineListViewController.swift; sourceTree = "<group>"; };
		3EDCB7F22A260D3600F24C6A /* CustomScreenViewController.swift */ = {isa = PBXFileReference; fileEncoding = 4; lastKnownFileType = sourcecode.swift; path = CustomScreenViewController.swift; sourceTree = "<group>"; };
		3EDCB80F2A26F9DD00F24C6A /* UserAttributesViewController.swift */ = {isa = PBXFileReference; fileEncoding = 4; lastKnownFileType = sourcecode.swift; path = UserAttributesViewController.swift; sourceTree = "<group>"; };
		3EDCB8112A270D4500F24C6A /* WebEngageSampleApp.entitlements */ = {isa = PBXFileReference; lastKnownFileType = text.plist.entitlements; path = WebEngageSampleApp.entitlements; sourceTree = "<group>"; };
		3EDCB8272A27157A00F24C6A /* UserNotifications.framework */ = {isa = PBXFileReference; lastKnownFileType = wrapper.framework; name = UserNotifications.framework; path = System/Library/Frameworks/UserNotifications.framework; sourceTree = SDKROOT; };
		3EDCB8292A27157A00F24C6A /* UserNotificationsUI.framework */ = {isa = PBXFileReference; lastKnownFileType = wrapper.framework; name = UserNotificationsUI.framework; path = System/Library/Frameworks/UserNotificationsUI.framework; sourceTree = SDKROOT; };
		3EF366542A25DC1F0005862E /* CustomCVC.swift */ = {isa = PBXFileReference; lastKnownFileType = sourcecode.swift; path = CustomCVC.swift; sourceTree = "<group>"; };
		3EF366562A25E8320005862E /* AdSupport.framework */ = {isa = PBXFileReference; lastKnownFileType = wrapper.framework; name = AdSupport.framework; path = System/Library/Frameworks/AdSupport.framework; sourceTree = SDKROOT; };
		522845256F8AD6320BEAD5D3 /* Pods-WebEngageSampleApp.release.xcconfig */ = {isa = PBXFileReference; includeInIndex = 1; lastKnownFileType = text.xcconfig; name = "Pods-WebEngageSampleApp.release.xcconfig"; path = "Target Support Files/Pods-WebEngageSampleApp/Pods-WebEngageSampleApp.release.xcconfig"; sourceTree = "<group>"; };
		5FBBD4C94A5C27E01D3A33F0 /* libPods-NotificationViewController.a */ = {isa = PBXFileReference; explicitFileType = archive.ar; includeInIndex = 0; path = "libPods-NotificationViewController.a"; sourceTree = BUILT_PRODUCTS_DIR; };
		6BD8DE06ECEEF0221F28DA18 /* Pods-NotificationService.debug.xcconfig */ = {isa = PBXFileReference; includeInIndex = 1; lastKnownFileType = text.xcconfig; name = "Pods-NotificationService.debug.xcconfig"; path = "Target Support Files/Pods-NotificationService/Pods-NotificationService.debug.xcconfig"; sourceTree = "<group>"; };
		79B974E2DE9BC9654217EB52 /* libPods-WebEngageSampleApp.a */ = {isa = PBXFileReference; explicitFileType = archive.ar; includeInIndex = 0; path = "libPods-WebEngageSampleApp.a"; sourceTree = BUILT_PRODUCTS_DIR; };
		7DBDE7E56BB39D43464CE972 /* Pods-WebEngageSampleApp.debug.xcconfig */ = {isa = PBXFileReference; includeInIndex = 1; lastKnownFileType = text.xcconfig; name = "Pods-WebEngageSampleApp.debug.xcconfig"; path = "Target Support Files/Pods-WebEngageSampleApp/Pods-WebEngageSampleApp.debug.xcconfig"; sourceTree = "<group>"; };
		87E83F8A7C892D180D8D9790 /* Pods-NotificationViewController.debug.xcconfig */ = {isa = PBXFileReference; includeInIndex = 1; lastKnownFileType = text.xcconfig; name = "Pods-NotificationViewController.debug.xcconfig"; path = "Target Support Files/Pods-NotificationViewController/Pods-NotificationViewController.debug.xcconfig"; sourceTree = "<group>"; };
		D35556622A289B7600CA5ED5 /* WEAppDelegateExtension.swift */ = {isa = PBXFileReference; fileEncoding = 4; lastKnownFileType = sourcecode.swift; name = WEAppDelegateExtension.swift; path = WebEngageSampleApp/WEAppDelegateExtension.swift; sourceTree = "<group>"; };
		D35556692A28A5D400CA5ED5 /* NotificationService.appex */ = {isa = PBXFileReference; explicitFileType = "wrapper.app-extension"; includeInIndex = 0; path = NotificationService.appex; sourceTree = BUILT_PRODUCTS_DIR; };
		D355567F2A28A5F500CA5ED5 /* NotificationService.swift */ = {isa = PBXFileReference; lastKnownFileType = sourcecode.swift; path = NotificationService.swift; sourceTree = "<group>"; };
		D35556812A28A5F500CA5ED5 /* Info.plist */ = {isa = PBXFileReference; lastKnownFileType = text.plist.xml; path = Info.plist; sourceTree = "<group>"; };
		D355568C2A28A6C000CA5ED5 /* NotificationViewController.appex */ = {isa = PBXFileReference; explicitFileType = "wrapper.app-extension"; includeInIndex = 0; path = NotificationViewController.appex; sourceTree = BUILT_PRODUCTS_DIR; };
		D35556902A28A6C000CA5ED5 /* NotificationViewController.swift */ = {isa = PBXFileReference; lastKnownFileType = sourcecode.swift; path = NotificationViewController.swift; sourceTree = "<group>"; };
		D35556932A28A6C000CA5ED5 /* Base */ = {isa = PBXFileReference; lastKnownFileType = file.storyboard; name = Base; path = Base.lproj/MainInterface.storyboard; sourceTree = "<group>"; };
		D35556952A28A6C000CA5ED5 /* Info.plist */ = {isa = PBXFileReference; lastKnownFileType = text.plist.xml; path = Info.plist; sourceTree = "<group>"; };
		D355569C2A28A70A00CA5ED5 /* NotificationService-Bridging-Header.h */ = {isa = PBXFileReference; lastKnownFileType = sourcecode.c.h; path = "NotificationService-Bridging-Header.h"; sourceTree = "<group>"; };
		D355569D2A28A72200CA5ED5 /* NotificationViewController-Bridging-Header.h */ = {isa = PBXFileReference; lastKnownFileType = sourcecode.c.h; path = "NotificationViewController-Bridging-Header.h"; sourceTree = "<group>"; };
		D3970AB080A956906064A236 /* libPods-NotificationService.a */ = {isa = PBXFileReference; explicitFileType = archive.ar; includeInIndex = 0; path = "libPods-NotificationService.a"; sourceTree = BUILT_PRODUCTS_DIR; };
		D3F76A662A29D95C00F33F82 /* CallBackViewController.swift */ = {isa = PBXFileReference; lastKnownFileType = sourcecode.swift; path = CallBackViewController.swift; sourceTree = "<group>"; };
		D3F76A6E2A2A130C00F33F82 /* Helper.swift */ = {isa = PBXFileReference; lastKnownFileType = sourcecode.swift; path = Helper.swift; sourceTree = "<group>"; };
		D3F76A792A2A19AF00F33F82 /* TrackScreensViewController.swift */ = {isa = PBXFileReference; fileEncoding = 4; lastKnownFileType = sourcecode.swift; path = TrackScreensViewController.swift; sourceTree = "<group>"; };
		D3F76A7C2A2A209200F33F82 /* AppInboxViewController.swift */ = {isa = PBXFileReference; lastKnownFileType = sourcecode.swift; path = AppInboxViewController.swift; sourceTree = "<group>"; };
		D3F76A7E2A2A20AB00F33F82 /* AppInbox.storyboard */ = {isa = PBXFileReference; lastKnownFileType = file.storyboard; path = AppInbox.storyboard; sourceTree = "<group>"; };
		FA989A12DAF798003547240F /* Pods-NotificationService.release.xcconfig */ = {isa = PBXFileReference; includeInIndex = 1; lastKnownFileType = text.xcconfig; name = "Pods-NotificationService.release.xcconfig"; path = "Target Support Files/Pods-NotificationService/Pods-NotificationService.release.xcconfig"; sourceTree = "<group>"; };
/* End PBXFileReference section */

/* Begin PBXFrameworksBuildPhase section */
		3E4111C52A25A74100FAE53E /* Frameworks */ = {
			isa = PBXFrameworksBuildPhase;
			buildActionMask = 2147483647;
			files = (
				110559C744BF00C2B99338DD /* libPods-WebEngageSampleApp.a in Frameworks */,
			);
			runOnlyForDeploymentPostprocessing = 0;
		};
		D35556662A28A5D400CA5ED5 /* Frameworks */ = {
			isa = PBXFrameworksBuildPhase;
			buildActionMask = 2147483647;
			files = (
				D355566B2A28A5D400CA5ED5 /* UserNotificationsUI.framework in Frameworks */,
				D355566A2A28A5D400CA5ED5 /* UserNotifications.framework in Frameworks */,
				016F8D821C08826CFF32B064 /* libPods-NotificationService.a in Frameworks */,
			);
			runOnlyForDeploymentPostprocessing = 0;
		};
		D35556892A28A6C000CA5ED5 /* Frameworks */ = {
			isa = PBXFrameworksBuildPhase;
			buildActionMask = 2147483647;
			files = (
				D355568E2A28A6C000CA5ED5 /* UserNotificationsUI.framework in Frameworks */,
				D355568D2A28A6C000CA5ED5 /* UserNotifications.framework in Frameworks */,
				346640E7A302F0212090EA03 /* libPods-NotificationViewController.a in Frameworks */,
			);
			runOnlyForDeploymentPostprocessing = 0;
		};
/* End PBXFrameworksBuildPhase section */

/* Begin PBXGroup section */
		2244D76B6777DE8C722C9A10 /* Pods */ = {
			isa = PBXGroup;
			children = (
				6BD8DE06ECEEF0221F28DA18 /* Pods-NotificationService.debug.xcconfig */,
				FA989A12DAF798003547240F /* Pods-NotificationService.release.xcconfig */,
				87E83F8A7C892D180D8D9790 /* Pods-NotificationViewController.debug.xcconfig */,
				2581A80C9D76986C0AB91868 /* Pods-NotificationViewController.release.xcconfig */,
				7DBDE7E56BB39D43464CE972 /* Pods-WebEngageSampleApp.debug.xcconfig */,
				522845256F8AD6320BEAD5D3 /* Pods-WebEngageSampleApp.release.xcconfig */,
			);
			path = Pods;
			sourceTree = "<group>";
		};
		3E4111BF2A25A74100FAE53E = {
			isa = PBXGroup;
			children = (
				3E4111CA2A25A74100FAE53E /* WebEngageSampleApp */,
				D355567E2A28A5F500CA5ED5 /* NotificationService */,
				D355568F2A28A6C000CA5ED5 /* NotificationViewController */,
				3E4111C92A25A74100FAE53E /* Products */,
				2244D76B6777DE8C722C9A10 /* Pods */,
				54BC3D50BBE67BB4EFBF3719 /* Frameworks */,
			);
			sourceTree = "<group>";
		};
		3E4111C92A25A74100FAE53E /* Products */ = {
			isa = PBXGroup;
			children = (
				3E4111C82A25A74100FAE53E /* WebEngageSampleApp.app */,
				D35556692A28A5D400CA5ED5 /* NotificationService.appex */,
				D355568C2A28A6C000CA5ED5 /* NotificationViewController.appex */,
			);
			name = Products;
			sourceTree = "<group>";
		};
		3E4111CA2A25A74100FAE53E /* WebEngageSampleApp */ = {
			isa = PBXGroup;
			children = (
				3EDCB8112A270D4500F24C6A /* WebEngageSampleApp.entitlements */,
				D3BA3F3C2A2E1278005F80A5 /* Core */,
				3EDCB7E42A260D2000F24C6A /* Inline */,
				D3F76A7B2A2A1E3600F33F82 /* AppInbox */,
				3EF47A1C2A27336600400181 /* Utils */,
				3E4111D42A25A74200FAE53E /* Assets.xcassets */,
				3E4111D12A25A74100FAE53E /* Main.storyboard */,
				3E4111D92A25A74200FAE53E /* Info.plist */,
				3ECAC80C2A271C3000E7210B /* WebEngageSampleApp-Bridging-Header.h */,
			);
			path = WebEngageSampleApp;
			sourceTree = "<group>";
		};
		3EDCB7E42A260D2000F24C6A /* Inline */ = {
			isa = PBXGroup;
			children = (
				3EDCB7EE2A260D3600F24C6A /* Controllers */,
				3EDCB7E72A260D3600F24C6A /* Model */,
				3EDCB7E92A260D3600F24C6A /* Storyboard */,
			);
			path = Inline;
			sourceTree = "<group>";
		};
		3EDCB7E72A260D3600F24C6A /* Model */ = {
			isa = PBXGroup;
			children = (
				3EDCB7E82A260D3600F24C6A /* InlineScreenData.swift */,
			);
			path = Model;
			sourceTree = "<group>";
		};
		3EDCB7E92A260D3600F24C6A /* Storyboard */ = {
			isa = PBXGroup;
			children = (
				3EDCB7EC2A260D3600F24C6A /* Inline.storyboard */,
			);
			path = Storyboard;
			sourceTree = "<group>";
		};
		3EDCB7EE2A260D3600F24C6A /* Controllers */ = {
			isa = PBXGroup;
			children = (
				3EDCB7EF2A260D3600F24C6A /* ScreenDetailViewController.swift */,
				3EDCB7F02A260D3600F24C6A /* InlineListViewController.swift */,
				3EDCB7F22A260D3600F24C6A /* CustomScreenViewController.swift */,
			);
			path = Controllers;
			sourceTree = "<group>";
		};
		3EF47A1C2A27336600400181 /* Utils */ = {
			isa = PBXGroup;
			children = (
				3E4111CB2A25A74100FAE53E /* AppDelegate.swift */,
				D3F76A6E2A2A130C00F33F82 /* Helper.swift */,
				3E4111CD2A25A74100FAE53E /* SceneDelegate.swift */,
				3E4111D62A25A74200FAE53E /* LaunchScreen.storyboard */,
			);
			path = Utils;
			sourceTree = "<group>";
		};
		54BC3D50BBE67BB4EFBF3719 /* Frameworks */ = {
			isa = PBXGroup;
			children = (
				3EF366562A25E8320005862E /* AdSupport.framework */,
				3EDCB8272A27157A00F24C6A /* UserNotifications.framework */,
				3EDCB8292A27157A00F24C6A /* UserNotificationsUI.framework */,
				D3970AB080A956906064A236 /* libPods-NotificationService.a */,
				5FBBD4C94A5C27E01D3A33F0 /* libPods-NotificationViewController.a */,
				79B974E2DE9BC9654217EB52 /* libPods-WebEngageSampleApp.a */,
			);
			name = Frameworks;
			sourceTree = "<group>";
		};
		D355567E2A28A5F500CA5ED5 /* NotificationService */ = {
			isa = PBXGroup;
			children = (
				D355569C2A28A70A00CA5ED5 /* NotificationService-Bridging-Header.h */,
				D355567F2A28A5F500CA5ED5 /* NotificationService.swift */,
				D35556812A28A5F500CA5ED5 /* Info.plist */,
			);
			path = NotificationService;
			sourceTree = "<group>";
		};
		D355568F2A28A6C000CA5ED5 /* NotificationViewController */ = {
			isa = PBXGroup;
			children = (
				D355569D2A28A72200CA5ED5 /* NotificationViewController-Bridging-Header.h */,
				D35556902A28A6C000CA5ED5 /* NotificationViewController.swift */,
				D35556922A28A6C000CA5ED5 /* MainInterface.storyboard */,
				D35556952A28A6C000CA5ED5 /* Info.plist */,
			);
			path = NotificationViewController;
			sourceTree = "<group>";
		};
		D3BA3F3C2A2E1278005F80A5 /* Core */ = {
			isa = PBXGroup;
			children = (
				D3BA3F402A2E1312005F80A5 /* CollectionViewCells */,
				D3BA3F3F2A2E12C2005F80A5 /* Extensions */,
				D3BA3F3E2A2E128D005F80A5 /* ViewControllers */,
				D3BA3F3D2A2E1284005F80A5 /* Storyboards */,
			);
			name = Core;
			path = ..;
			sourceTree = "<group>";
		};
		D3BA3F3D2A2E1284005F80A5 /* Storyboards */ = {
			isa = PBXGroup;
			children = (
				3EDCB7DB2A26033200F24C6A /* Home.storyboard */,
			);
			name = Storyboards;
			sourceTree = "<group>";
		};
		D3BA3F3E2A2E128D005F80A5 /* ViewControllers */ = {
			isa = PBXGroup;
			children = (
				3EDCB7DD2A26034700F24C6A /* TrackEventsViewController.swift */,
				D3F76A792A2A19AF00F33F82 /* TrackScreensViewController.swift */,
				3E4111EB2A25D9CF00FAE53E /* HomeViewController.swift */,
				D3F76A662A29D95C00F33F82 /* CallBackViewController.swift */,
				3E4111CF2A25A74100FAE53E /* LoginViewController.swift */,
				3EDCB80F2A26F9DD00F24C6A /* UserAttributesViewController.swift */,
			);
			path = ViewControllers;
			sourceTree = "<group>";
		};
		D3BA3F3F2A2E12C2005F80A5 /* Extensions */ = {
			isa = PBXGroup;
			children = (
				D35556622A289B7600CA5ED5 /* WEAppDelegateExtension.swift */,
			);
			name = Extensions;
			sourceTree = "<group>";
		};
		D3BA3F402A2E1312005F80A5 /* CollectionViewCells */ = {
			isa = PBXGroup;
			children = (
				3EF366542A25DC1F0005862E /* CustomCVC.swift */,
			);
			path = CollectionViewCells;
			sourceTree = "<group>";
		};
		D3F76A7B2A2A1E3600F33F82 /* AppInbox */ = {
			isa = PBXGroup;
			children = (
				D3F76A7C2A2A209200F33F82 /* AppInboxViewController.swift */,
				D3F76A7E2A2A20AB00F33F82 /* AppInbox.storyboard */,
			);
			name = AppInbox;
			path = TrackEvents;
			sourceTree = "<group>";
		};
/* End PBXGroup section */

/* Begin PBXNativeTarget section */
		3E4111C72A25A74100FAE53E /* WebEngageSampleApp */ = {
			isa = PBXNativeTarget;
			buildConfigurationList = 3E4111DC2A25A74200FAE53E /* Build configuration list for PBXNativeTarget "WebEngageSampleApp" */;
			buildPhases = (
				166A5DDD11BE5B0A3E9BFF13 /* [CP] Check Pods Manifest.lock */,
				3E4111C42A25A74100FAE53E /* Sources */,
				3E4111C52A25A74100FAE53E /* Frameworks */,
				3E4111C62A25A74100FAE53E /* Resources */,
				3EDCB8212A27155500F24C6A /* Embed Foundation Extensions */,
				B345982079626476D3128DCB /* [CP] Embed Pods Frameworks */,
			);
			buildRules = (
			);
			dependencies = (
				D35556742A28A5D400CA5ED5 /* PBXTargetDependency */,
				D35556972A28A6C000CA5ED5 /* PBXTargetDependency */,
			);
			name = WebEngageSampleApp;
			productName = WebEngageSampleApp;
			productReference = 3E4111C82A25A74100FAE53E /* WebEngageSampleApp.app */;
			productType = "com.apple.product-type.application";
		};
		D35556682A28A5D400CA5ED5 /* NotificationService */ = {
			isa = PBXNativeTarget;
			buildConfigurationList = D35556762A28A5D500CA5ED5 /* Build configuration list for PBXNativeTarget "NotificationService" */;
			buildPhases = (
				30BAFEA92FAF7EE94E926732 /* [CP] Check Pods Manifest.lock */,
				D35556652A28A5D400CA5ED5 /* Sources */,
				D35556662A28A5D400CA5ED5 /* Frameworks */,
				D35556672A28A5D400CA5ED5 /* Resources */,
			);
			buildRules = (
			);
			dependencies = (
			);
			name = NotificationService;
			productName = NotificationService;
			productReference = D35556692A28A5D400CA5ED5 /* NotificationService.appex */;
			productType = "com.apple.product-type.app-extension";
		};
		D355568B2A28A6C000CA5ED5 /* NotificationViewController */ = {
			isa = PBXNativeTarget;
			buildConfigurationList = D35556992A28A6C100CA5ED5 /* Build configuration list for PBXNativeTarget "NotificationViewController" */;
			buildPhases = (
				82C20E89EE7AD2473ABD596A /* [CP] Check Pods Manifest.lock */,
				D35556882A28A6C000CA5ED5 /* Sources */,
				D35556892A28A6C000CA5ED5 /* Frameworks */,
				D355568A2A28A6C000CA5ED5 /* Resources */,
			);
			buildRules = (
			);
			dependencies = (
			);
			name = NotificationViewController;
			productName = NotificationViewController;
			productReference = D355568C2A28A6C000CA5ED5 /* NotificationViewController.appex */;
			productType = "com.apple.product-type.app-extension";
		};
/* End PBXNativeTarget section */

/* Begin PBXProject section */
		3E4111C02A25A74100FAE53E /* Project object */ = {
			isa = PBXProject;
			attributes = {
				BuildIndependentTargetsInParallel = 1;
				LastSwiftUpdateCheck = 1430;
				LastUpgradeCheck = 1430;
				TargetAttributes = {
					3E4111C72A25A74100FAE53E = {
						CreatedOnToolsVersion = 14.3;
						LastSwiftMigration = 1430;
					};
					D35556682A28A5D400CA5ED5 = {
						CreatedOnToolsVersion = 14.3;
					};
					D355568B2A28A6C000CA5ED5 = {
						CreatedOnToolsVersion = 14.3;
					};
				};
			};
			buildConfigurationList = 3E4111C32A25A74100FAE53E /* Build configuration list for PBXProject "WebEngageSampleApp" */;
			compatibilityVersion = "Xcode 14.0";
			developmentRegion = en;
			hasScannedForEncodings = 0;
			knownRegions = (
				en,
				Base,
			);
			mainGroup = 3E4111BF2A25A74100FAE53E;
			productRefGroup = 3E4111C92A25A74100FAE53E /* Products */;
			projectDirPath = "";
			projectRoot = "";
			targets = (
				3E4111C72A25A74100FAE53E /* WebEngageSampleApp */,
				D35556682A28A5D400CA5ED5 /* NotificationService */,
				D355568B2A28A6C000CA5ED5 /* NotificationViewController */,
			);
		};
/* End PBXProject section */

/* Begin PBXResourcesBuildPhase section */
		3E4111C62A25A74100FAE53E /* Resources */ = {
			isa = PBXResourcesBuildPhase;
			buildActionMask = 2147483647;
			files = (
				3EDCB7F62A260D3600F24C6A /* Inline.storyboard in Resources */,
				3E4111D82A25A74200FAE53E /* LaunchScreen.storyboard in Resources */,
				D3F76A7F2A2A20AB00F33F82 /* AppInbox.storyboard in Resources */,
				3EDCB7DC2A26033200F24C6A /* Home.storyboard in Resources */,
				3E4111D52A25A74200FAE53E /* Assets.xcassets in Resources */,
				3E4111D32A25A74100FAE53E /* Main.storyboard in Resources */,
			);
			runOnlyForDeploymentPostprocessing = 0;
		};
		D35556672A28A5D400CA5ED5 /* Resources */ = {
			isa = PBXResourcesBuildPhase;
			buildActionMask = 2147483647;
			files = (
			);
			runOnlyForDeploymentPostprocessing = 0;
		};
		D355568A2A28A6C000CA5ED5 /* Resources */ = {
			isa = PBXResourcesBuildPhase;
			buildActionMask = 2147483647;
			files = (
				D35556942A28A6C000CA5ED5 /* MainInterface.storyboard in Resources */,
			);
			runOnlyForDeploymentPostprocessing = 0;
		};
/* End PBXResourcesBuildPhase section */

/* Begin PBXShellScriptBuildPhase section */
		166A5DDD11BE5B0A3E9BFF13 /* [CP] Check Pods Manifest.lock */ = {
			isa = PBXShellScriptBuildPhase;
			buildActionMask = 2147483647;
			files = (
			);
			inputFileListPaths = (
			);
			inputPaths = (
				"${PODS_PODFILE_DIR_PATH}/Podfile.lock",
				"${PODS_ROOT}/Manifest.lock",
			);
			name = "[CP] Check Pods Manifest.lock";
			outputFileListPaths = (
			);
			outputPaths = (
				"$(DERIVED_FILE_DIR)/Pods-WebEngageSampleApp-checkManifestLockResult.txt",
			);
			runOnlyForDeploymentPostprocessing = 0;
			shellPath = /bin/sh;
			shellScript = "diff \"${PODS_PODFILE_DIR_PATH}/Podfile.lock\" \"${PODS_ROOT}/Manifest.lock\" > /dev/null\nif [ $? != 0 ] ; then\n    # print error to STDERR\n    echo \"error: The sandbox is not in sync with the Podfile.lock. Run 'pod install' or update your CocoaPods installation.\" >&2\n    exit 1\nfi\n# This output is used by Xcode 'outputs' to avoid re-running this script phase.\necho \"SUCCESS\" > \"${SCRIPT_OUTPUT_FILE_0}\"\n";
			showEnvVarsInLog = 0;
		};
		30BAFEA92FAF7EE94E926732 /* [CP] Check Pods Manifest.lock */ = {
			isa = PBXShellScriptBuildPhase;
			buildActionMask = 2147483647;
			files = (
			);
			inputFileListPaths = (
			);
			inputPaths = (
				"${PODS_PODFILE_DIR_PATH}/Podfile.lock",
				"${PODS_ROOT}/Manifest.lock",
			);
			name = "[CP] Check Pods Manifest.lock";
			outputFileListPaths = (
			);
			outputPaths = (
				"$(DERIVED_FILE_DIR)/Pods-NotificationService-checkManifestLockResult.txt",
			);
			runOnlyForDeploymentPostprocessing = 0;
			shellPath = /bin/sh;
			shellScript = "diff \"${PODS_PODFILE_DIR_PATH}/Podfile.lock\" \"${PODS_ROOT}/Manifest.lock\" > /dev/null\nif [ $? != 0 ] ; then\n    # print error to STDERR\n    echo \"error: The sandbox is not in sync with the Podfile.lock. Run 'pod install' or update your CocoaPods installation.\" >&2\n    exit 1\nfi\n# This output is used by Xcode 'outputs' to avoid re-running this script phase.\necho \"SUCCESS\" > \"${SCRIPT_OUTPUT_FILE_0}\"\n";
			showEnvVarsInLog = 0;
		};
		82C20E89EE7AD2473ABD596A /* [CP] Check Pods Manifest.lock */ = {
			isa = PBXShellScriptBuildPhase;
			buildActionMask = 2147483647;
			files = (
			);
			inputFileListPaths = (
			);
			inputPaths = (
				"${PODS_PODFILE_DIR_PATH}/Podfile.lock",
				"${PODS_ROOT}/Manifest.lock",
			);
			name = "[CP] Check Pods Manifest.lock";
			outputFileListPaths = (
			);
			outputPaths = (
				"$(DERIVED_FILE_DIR)/Pods-NotificationViewController-checkManifestLockResult.txt",
			);
			runOnlyForDeploymentPostprocessing = 0;
			shellPath = /bin/sh;
			shellScript = "diff \"${PODS_PODFILE_DIR_PATH}/Podfile.lock\" \"${PODS_ROOT}/Manifest.lock\" > /dev/null\nif [ $? != 0 ] ; then\n    # print error to STDERR\n    echo \"error: The sandbox is not in sync with the Podfile.lock. Run 'pod install' or update your CocoaPods installation.\" >&2\n    exit 1\nfi\n# This output is used by Xcode 'outputs' to avoid re-running this script phase.\necho \"SUCCESS\" > \"${SCRIPT_OUTPUT_FILE_0}\"\n";
			showEnvVarsInLog = 0;
		};
		B345982079626476D3128DCB /* [CP] Embed Pods Frameworks */ = {
			isa = PBXShellScriptBuildPhase;
			buildActionMask = 2147483647;
			files = (
			);
			inputFileListPaths = (
				"${PODS_ROOT}/Target Support Files/Pods-WebEngageSampleApp/Pods-WebEngageSampleApp-frameworks-${CONFIGURATION}-input-files.xcfilelist",
			);
			name = "[CP] Embed Pods Frameworks";
			outputFileListPaths = (
				"${PODS_ROOT}/Target Support Files/Pods-WebEngageSampleApp/Pods-WebEngageSampleApp-frameworks-${CONFIGURATION}-output-files.xcfilelist",
			);
			runOnlyForDeploymentPostprocessing = 0;
			shellPath = /bin/sh;
			shellScript = "\"${PODS_ROOT}/Target Support Files/Pods-WebEngageSampleApp/Pods-WebEngageSampleApp-frameworks.sh\"\n";
			showEnvVarsInLog = 0;
		};
/* End PBXShellScriptBuildPhase section */

/* Begin PBXSourcesBuildPhase section */
		3E4111C42A25A74100FAE53E /* Sources */ = {
			isa = PBXSourcesBuildPhase;
			buildActionMask = 2147483647;
			files = (
				3EDCB7F42A260D3600F24C6A /* InlineScreenData.swift in Sources */,
				D3F76A7D2A2A209200F33F82 /* AppInboxViewController.swift in Sources */,
				3E4111D02A25A74100FAE53E /* LoginViewController.swift in Sources */,
				3E4111CC2A25A74100FAE53E /* AppDelegate.swift in Sources */,
				D35556632A289B7600CA5ED5 /* WEAppDelegateExtension.swift in Sources */,
				3EF366552A25DC1F0005862E /* CustomCVC.swift in Sources */,
				3E4111CE2A25A74100FAE53E /* SceneDelegate.swift in Sources */,
				D3F76A6F2A2A130C00F33F82 /* Helper.swift in Sources */,
				3E4111EC2A25D9CF00FAE53E /* HomeViewController.swift in Sources */,
				3EDCB7F82A260D3600F24C6A /* InlineListViewController.swift in Sources */,
				3EDCB8102A26F9DD00F24C6A /* UserAttributesViewController.swift in Sources */,
				D3F76A672A29D95C00F33F82 /* CallBackViewController.swift in Sources */,
				D3F76A7A2A2A19AF00F33F82 /* TrackScreensViewController.swift in Sources */,
				3EDCB7F72A260D3600F24C6A /* ScreenDetailViewController.swift in Sources */,
				3EDCB7DE2A26034700F24C6A /* TrackEventsViewController.swift in Sources */,
				3EDCB7FA2A260D3600F24C6A /* CustomScreenViewController.swift in Sources */,
			);
			runOnlyForDeploymentPostprocessing = 0;
		};
		D35556652A28A5D400CA5ED5 /* Sources */ = {
			isa = PBXSourcesBuildPhase;
			buildActionMask = 2147483647;
			files = (
				D355569E2A28B7AB00CA5ED5 /* NotificationService.swift in Sources */,
			);
			runOnlyForDeploymentPostprocessing = 0;
		};
		D35556882A28A6C000CA5ED5 /* Sources */ = {
			isa = PBXSourcesBuildPhase;
			buildActionMask = 2147483647;
			files = (
				D35556912A28A6C000CA5ED5 /* NotificationViewController.swift in Sources */,
			);
			runOnlyForDeploymentPostprocessing = 0;
		};
/* End PBXSourcesBuildPhase section */

/* Begin PBXTargetDependency section */
		D35556742A28A5D400CA5ED5 /* PBXTargetDependency */ = {
			isa = PBXTargetDependency;
			target = D35556682A28A5D400CA5ED5 /* NotificationService */;
			targetProxy = D35556732A28A5D400CA5ED5 /* PBXContainerItemProxy */;
		};
		D35556972A28A6C000CA5ED5 /* PBXTargetDependency */ = {
			isa = PBXTargetDependency;
			target = D355568B2A28A6C000CA5ED5 /* NotificationViewController */;
			targetProxy = D35556962A28A6C000CA5ED5 /* PBXContainerItemProxy */;
		};
/* End PBXTargetDependency section */

/* Begin PBXVariantGroup section */
		3E4111D12A25A74100FAE53E /* Main.storyboard */ = {
			isa = PBXVariantGroup;
			children = (
				3E4111D22A25A74100FAE53E /* Base */,
			);
			name = Main.storyboard;
			sourceTree = "<group>";
		};
		3E4111D62A25A74200FAE53E /* LaunchScreen.storyboard */ = {
			isa = PBXVariantGroup;
			children = (
				3E4111D72A25A74200FAE53E /* Base */,
			);
			name = LaunchScreen.storyboard;
			sourceTree = "<group>";
		};
		3EDCB7EC2A260D3600F24C6A /* Inline.storyboard */ = {
			isa = PBXVariantGroup;
			children = (
				3EDCB7ED2A260D3600F24C6A /* Base */,
			);
			name = Inline.storyboard;
			sourceTree = "<group>";
		};
		D35556922A28A6C000CA5ED5 /* MainInterface.storyboard */ = {
			isa = PBXVariantGroup;
			children = (
				D35556932A28A6C000CA5ED5 /* Base */,
			);
			name = MainInterface.storyboard;
			sourceTree = "<group>";
		};
/* End PBXVariantGroup section */

/* Begin XCBuildConfiguration section */
		3E4111DA2A25A74200FAE53E /* Debug */ = {
			isa = XCBuildConfiguration;
			buildSettings = {
				ALWAYS_SEARCH_USER_PATHS = NO;
				CLANG_ANALYZER_NONNULL = YES;
				CLANG_ANALYZER_NUMBER_OBJECT_CONVERSION = YES_AGGRESSIVE;
				CLANG_CXX_LANGUAGE_STANDARD = "gnu++20";
				CLANG_ENABLE_MODULES = YES;
				CLANG_ENABLE_OBJC_ARC = YES;
				CLANG_ENABLE_OBJC_WEAK = YES;
				CLANG_WARN_BLOCK_CAPTURE_AUTORELEASING = YES;
				CLANG_WARN_BOOL_CONVERSION = YES;
				CLANG_WARN_COMMA = YES;
				CLANG_WARN_CONSTANT_CONVERSION = YES;
				CLANG_WARN_DEPRECATED_OBJC_IMPLEMENTATIONS = YES;
				CLANG_WARN_DIRECT_OBJC_ISA_USAGE = YES_ERROR;
				CLANG_WARN_DOCUMENTATION_COMMENTS = YES;
				CLANG_WARN_EMPTY_BODY = YES;
				CLANG_WARN_ENUM_CONVERSION = YES;
				CLANG_WARN_INFINITE_RECURSION = YES;
				CLANG_WARN_INT_CONVERSION = YES;
				CLANG_WARN_NON_LITERAL_NULL_CONVERSION = YES;
				CLANG_WARN_OBJC_IMPLICIT_RETAIN_SELF = YES;
				CLANG_WARN_OBJC_LITERAL_CONVERSION = YES;
				CLANG_WARN_OBJC_ROOT_CLASS = YES_ERROR;
				CLANG_WARN_QUOTED_INCLUDE_IN_FRAMEWORK_HEADER = YES;
				CLANG_WARN_RANGE_LOOP_ANALYSIS = YES;
				CLANG_WARN_STRICT_PROTOTYPES = YES;
				CLANG_WARN_SUSPICIOUS_MOVE = YES;
				CLANG_WARN_UNGUARDED_AVAILABILITY = YES_AGGRESSIVE;
				CLANG_WARN_UNREACHABLE_CODE = YES;
				CLANG_WARN__DUPLICATE_METHOD_MATCH = YES;
				COPY_PHASE_STRIP = NO;
				DEBUG_INFORMATION_FORMAT = dwarf;
				ENABLE_STRICT_OBJC_MSGSEND = YES;
				ENABLE_TESTABILITY = YES;
				GCC_C_LANGUAGE_STANDARD = gnu11;
				GCC_DYNAMIC_NO_PIC = NO;
				GCC_NO_COMMON_BLOCKS = YES;
				GCC_OPTIMIZATION_LEVEL = 0;
				GCC_PREPROCESSOR_DEFINITIONS = (
					"DEBUG=1",
					"$(inherited)",
				);
				GCC_WARN_64_TO_32_BIT_CONVERSION = YES;
				GCC_WARN_ABOUT_RETURN_TYPE = YES_ERROR;
				GCC_WARN_UNDECLARED_SELECTOR = YES;
				GCC_WARN_UNINITIALIZED_AUTOS = YES_AGGRESSIVE;
				GCC_WARN_UNUSED_FUNCTION = YES;
				GCC_WARN_UNUSED_VARIABLE = YES;
				IPHONEOS_DEPLOYMENT_TARGET = 16.4;
				MTL_ENABLE_DEBUG_INFO = INCLUDE_SOURCE;
				MTL_FAST_MATH = YES;
				ONLY_ACTIVE_ARCH = YES;
				SDKROOT = iphoneos;
				SWIFT_ACTIVE_COMPILATION_CONDITIONS = DEBUG;
				SWIFT_OPTIMIZATION_LEVEL = "-Onone";
			};
			name = Debug;
		};
		3E4111DB2A25A74200FAE53E /* Release */ = {
			isa = XCBuildConfiguration;
			buildSettings = {
				ALWAYS_SEARCH_USER_PATHS = NO;
				CLANG_ANALYZER_NONNULL = YES;
				CLANG_ANALYZER_NUMBER_OBJECT_CONVERSION = YES_AGGRESSIVE;
				CLANG_CXX_LANGUAGE_STANDARD = "gnu++20";
				CLANG_ENABLE_MODULES = YES;
				CLANG_ENABLE_OBJC_ARC = YES;
				CLANG_ENABLE_OBJC_WEAK = YES;
				CLANG_WARN_BLOCK_CAPTURE_AUTORELEASING = YES;
				CLANG_WARN_BOOL_CONVERSION = YES;
				CLANG_WARN_COMMA = YES;
				CLANG_WARN_CONSTANT_CONVERSION = YES;
				CLANG_WARN_DEPRECATED_OBJC_IMPLEMENTATIONS = YES;
				CLANG_WARN_DIRECT_OBJC_ISA_USAGE = YES_ERROR;
				CLANG_WARN_DOCUMENTATION_COMMENTS = YES;
				CLANG_WARN_EMPTY_BODY = YES;
				CLANG_WARN_ENUM_CONVERSION = YES;
				CLANG_WARN_INFINITE_RECURSION = YES;
				CLANG_WARN_INT_CONVERSION = YES;
				CLANG_WARN_NON_LITERAL_NULL_CONVERSION = YES;
				CLANG_WARN_OBJC_IMPLICIT_RETAIN_SELF = YES;
				CLANG_WARN_OBJC_LITERAL_CONVERSION = YES;
				CLANG_WARN_OBJC_ROOT_CLASS = YES_ERROR;
				CLANG_WARN_QUOTED_INCLUDE_IN_FRAMEWORK_HEADER = YES;
				CLANG_WARN_RANGE_LOOP_ANALYSIS = YES;
				CLANG_WARN_STRICT_PROTOTYPES = YES;
				CLANG_WARN_SUSPICIOUS_MOVE = YES;
				CLANG_WARN_UNGUARDED_AVAILABILITY = YES_AGGRESSIVE;
				CLANG_WARN_UNREACHABLE_CODE = YES;
				CLANG_WARN__DUPLICATE_METHOD_MATCH = YES;
				COPY_PHASE_STRIP = NO;
				DEBUG_INFORMATION_FORMAT = "dwarf-with-dsym";
				ENABLE_NS_ASSERTIONS = NO;
				ENABLE_STRICT_OBJC_MSGSEND = YES;
				GCC_C_LANGUAGE_STANDARD = gnu11;
				GCC_NO_COMMON_BLOCKS = YES;
				GCC_WARN_64_TO_32_BIT_CONVERSION = YES;
				GCC_WARN_ABOUT_RETURN_TYPE = YES_ERROR;
				GCC_WARN_UNDECLARED_SELECTOR = YES;
				GCC_WARN_UNINITIALIZED_AUTOS = YES_AGGRESSIVE;
				GCC_WARN_UNUSED_FUNCTION = YES;
				GCC_WARN_UNUSED_VARIABLE = YES;
				IPHONEOS_DEPLOYMENT_TARGET = 16.4;
				MTL_ENABLE_DEBUG_INFO = NO;
				MTL_FAST_MATH = YES;
				SDKROOT = iphoneos;
				SWIFT_COMPILATION_MODE = wholemodule;
				SWIFT_OPTIMIZATION_LEVEL = "-O";
				VALIDATE_PRODUCT = YES;
			};
			name = Release;
		};
		3E4111DD2A25A74200FAE53E /* Debug */ = {
			isa = XCBuildConfiguration;
			baseConfigurationReference = 7DBDE7E56BB39D43464CE972 /* Pods-WebEngageSampleApp.debug.xcconfig */;
			buildSettings = {
				ALWAYS_EMBED_SWIFT_STANDARD_LIBRARIES = YES;
				ASSETCATALOG_COMPILER_APPICON_NAME = AppIcon;
				ASSETCATALOG_COMPILER_GLOBAL_ACCENT_COLOR_NAME = AccentColor;
				CLANG_ENABLE_MODULES = YES;
				CODE_SIGN_ENTITLEMENTS = WebEngageSampleApp/WebEngageSampleApp.entitlements;
				CODE_SIGN_STYLE = Automatic;
				CURRENT_PROJECT_VERSION = 1;
				DEVELOPMENT_TEAM = "";
				GENERATE_INFOPLIST_FILE = YES;
				INFOPLIST_FILE = WebEngageSampleApp/Info.plist;
				INFOPLIST_KEY_UIApplicationSupportsIndirectInputEvents = YES;
				INFOPLIST_KEY_UILaunchStoryboardName = LaunchScreen;
				INFOPLIST_KEY_UISupportedInterfaceOrientations_iPad = "UIInterfaceOrientationPortrait UIInterfaceOrientationPortraitUpsideDown UIInterfaceOrientationLandscapeLeft UIInterfaceOrientationLandscapeRight";
				INFOPLIST_KEY_UISupportedInterfaceOrientations_iPhone = "UIInterfaceOrientationPortrait UIInterfaceOrientationLandscapeLeft UIInterfaceOrientationLandscapeRight";
				LD_RUNPATH_SEARCH_PATHS = (
					"$(inherited)",
					"@executable_path/Frameworks",
				);
				MARKETING_VERSION = 1.0;
				PRODUCT_BUNDLE_IDENTIFIER = com.webEngage.prodSwift;
				PRODUCT_NAME = "$(TARGET_NAME)";
				SWIFT_EMIT_LOC_STRINGS = YES;
				SWIFT_OBJC_BRIDGING_HEADER = "WebEngageSampleApp/WebEngageSampleApp-Bridging-Header.h";
				SWIFT_OPTIMIZATION_LEVEL = "-Onone";
				SWIFT_VERSION = 5.0;
				TARGETED_DEVICE_FAMILY = "1,2";
			};
			name = Debug;
		};
		3E4111DE2A25A74200FAE53E /* Release */ = {
			isa = XCBuildConfiguration;
			baseConfigurationReference = 522845256F8AD6320BEAD5D3 /* Pods-WebEngageSampleApp.release.xcconfig */;
			buildSettings = {
				ALWAYS_EMBED_SWIFT_STANDARD_LIBRARIES = YES;
				ASSETCATALOG_COMPILER_APPICON_NAME = AppIcon;
				ASSETCATALOG_COMPILER_GLOBAL_ACCENT_COLOR_NAME = AccentColor;
				CLANG_ENABLE_MODULES = YES;
				CODE_SIGN_ENTITLEMENTS = WebEngageSampleApp/WebEngageSampleApp.entitlements;
				CODE_SIGN_STYLE = Automatic;
				CURRENT_PROJECT_VERSION = 1;
				DEVELOPMENT_TEAM = "";
				GENERATE_INFOPLIST_FILE = YES;
				INFOPLIST_FILE = WebEngageSampleApp/Info.plist;
				INFOPLIST_KEY_UIApplicationSupportsIndirectInputEvents = YES;
				INFOPLIST_KEY_UILaunchStoryboardName = LaunchScreen;
				INFOPLIST_KEY_UISupportedInterfaceOrientations_iPad = "UIInterfaceOrientationPortrait UIInterfaceOrientationPortraitUpsideDown UIInterfaceOrientationLandscapeLeft UIInterfaceOrientationLandscapeRight";
				INFOPLIST_KEY_UISupportedInterfaceOrientations_iPhone = "UIInterfaceOrientationPortrait UIInterfaceOrientationLandscapeLeft UIInterfaceOrientationLandscapeRight";
				LD_RUNPATH_SEARCH_PATHS = (
					"$(inherited)",
					"@executable_path/Frameworks",
				);
				MARKETING_VERSION = 1.0;
				PRODUCT_BUNDLE_IDENTIFIER = com.webEngage.prodSwift;
				PRODUCT_NAME = "$(TARGET_NAME)";
				SWIFT_EMIT_LOC_STRINGS = YES;
				SWIFT_OBJC_BRIDGING_HEADER = "WebEngageSampleApp/WebEngageSampleApp-Bridging-Header.h";
				SWIFT_VERSION = 5.0;
				TARGETED_DEVICE_FAMILY = "1,2";
			};
			name = Release;
		};
		D35556772A28A5D500CA5ED5 /* Debug */ = {
			isa = XCBuildConfiguration;
			baseConfigurationReference = 6BD8DE06ECEEF0221F28DA18 /* Pods-NotificationService.debug.xcconfig */;
			buildSettings = {
				CODE_SIGN_STYLE = Automatic;
				CURRENT_PROJECT_VERSION = 1;
				DEVELOPMENT_TEAM = S7X7V9YPX7;
				GENERATE_INFOPLIST_FILE = YES;
				INFOPLIST_FILE = NotificationService/Info.plist;
				INFOPLIST_KEY_CFBundleDisplayName = NotificationService;
				INFOPLIST_KEY_NSHumanReadableCopyright = "";
				LD_RUNPATH_SEARCH_PATHS = (
					"$(inherited)",
					"@executable_path/Frameworks",
					"@executable_path/../../Frameworks",
				);
				MARKETING_VERSION = 1.0;
				PRODUCT_BUNDLE_IDENTIFIER = com.webEngage.prodSwift.NotificationService;
				PRODUCT_NAME = "$(TARGET_NAME)";
				SKIP_INSTALL = YES;
				SWIFT_EMIT_LOC_STRINGS = YES;
				SWIFT_OBJC_BRIDGING_HEADER = "NotificationService/NotificationService-Bridging-Header.h";
				SWIFT_VERSION = 5.0;
				TARGETED_DEVICE_FAMILY = "1,2";
			};
			name = Debug;
		};
		D35556782A28A5D500CA5ED5 /* Release */ = {
			isa = XCBuildConfiguration;
			baseConfigurationReference = FA989A12DAF798003547240F /* Pods-NotificationService.release.xcconfig */;
			buildSettings = {
				CODE_SIGN_STYLE = Automatic;
				CURRENT_PROJECT_VERSION = 1;
				DEVELOPMENT_TEAM = S7X7V9YPX7;
				GENERATE_INFOPLIST_FILE = YES;
				INFOPLIST_FILE = NotificationService/Info.plist;
				INFOPLIST_KEY_CFBundleDisplayName = NotificationService;
				INFOPLIST_KEY_NSHumanReadableCopyright = "";
				LD_RUNPATH_SEARCH_PATHS = (
					"$(inherited)",
					"@executable_path/Frameworks",
					"@executable_path/../../Frameworks",
				);
				MARKETING_VERSION = 1.0;
				PRODUCT_BUNDLE_IDENTIFIER = com.webEngage.prodSwift.NotificationService;
				PRODUCT_NAME = "$(TARGET_NAME)";
				SKIP_INSTALL = YES;
				SWIFT_EMIT_LOC_STRINGS = YES;
				SWIFT_OBJC_BRIDGING_HEADER = "NotificationService/NotificationService-Bridging-Header.h";
				SWIFT_VERSION = 5.0;
				TARGETED_DEVICE_FAMILY = "1,2";
			};
			name = Release;
		};
		D355569A2A28A6C100CA5ED5 /* Debug */ = {
			isa = XCBuildConfiguration;
			baseConfigurationReference = 87E83F8A7C892D180D8D9790 /* Pods-NotificationViewController.debug.xcconfig */;
			buildSettings = {
				CODE_SIGN_STYLE = Automatic;
				CURRENT_PROJECT_VERSION = 1;
				DEVELOPMENT_TEAM = S7X7V9YPX7;
				GENERATE_INFOPLIST_FILE = YES;
				INFOPLIST_FILE = NotificationViewController/Info.plist;
				INFOPLIST_KEY_CFBundleDisplayName = NotificationViewController;
				INFOPLIST_KEY_NSHumanReadableCopyright = "";
				LD_RUNPATH_SEARCH_PATHS = (
					"$(inherited)",
					"@executable_path/Frameworks",
					"@executable_path/../../Frameworks",
				);
				MARKETING_VERSION = 1.0;
				PRODUCT_BUNDLE_IDENTIFIER = com.webEngage.prodSwift.NotificationViewController;
				PRODUCT_NAME = "$(TARGET_NAME)";
				SKIP_INSTALL = YES;
				SWIFT_EMIT_LOC_STRINGS = YES;
				SWIFT_OBJC_BRIDGING_HEADER = "NotificationViewController/NotificationViewController-Bridging-Header.h";
				SWIFT_VERSION = 5.0;
				TARGETED_DEVICE_FAMILY = "1,2";
			};
			name = Debug;
		};
		D355569B2A28A6C100CA5ED5 /* Release */ = {
			isa = XCBuildConfiguration;
			baseConfigurationReference = 2581A80C9D76986C0AB91868 /* Pods-NotificationViewController.release.xcconfig */;
			buildSettings = {
				CODE_SIGN_STYLE = Automatic;
				CURRENT_PROJECT_VERSION = 1;
				DEVELOPMENT_TEAM = S7X7V9YPX7;
				GENERATE_INFOPLIST_FILE = YES;
				INFOPLIST_FILE = NotificationViewController/Info.plist;
				INFOPLIST_KEY_CFBundleDisplayName = NotificationViewController;
				INFOPLIST_KEY_NSHumanReadableCopyright = "";
				LD_RUNPATH_SEARCH_PATHS = (
					"$(inherited)",
					"@executable_path/Frameworks",
					"@executable_path/../../Frameworks",
				);
				MARKETING_VERSION = 1.0;
				PRODUCT_BUNDLE_IDENTIFIER = com.webEngage.prodSwift.NotificationViewController;
				PRODUCT_NAME = "$(TARGET_NAME)";
				SKIP_INSTALL = YES;
				SWIFT_EMIT_LOC_STRINGS = YES;
				SWIFT_OBJC_BRIDGING_HEADER = "NotificationViewController/NotificationViewController-Bridging-Header.h";
				SWIFT_VERSION = 5.0;
				TARGETED_DEVICE_FAMILY = "1,2";
			};
			name = Release;
		};
/* End XCBuildConfiguration section */

/* Begin XCConfigurationList section */
		3E4111C32A25A74100FAE53E /* Build configuration list for PBXProject "WebEngageSampleApp" */ = {
			isa = XCConfigurationList;
			buildConfigurations = (
				3E4111DA2A25A74200FAE53E /* Debug */,
				3E4111DB2A25A74200FAE53E /* Release */,
			);
			defaultConfigurationIsVisible = 0;
			defaultConfigurationName = Release;
		};
		3E4111DC2A25A74200FAE53E /* Build configuration list for PBXNativeTarget "WebEngageSampleApp" */ = {
			isa = XCConfigurationList;
			buildConfigurations = (
				3E4111DD2A25A74200FAE53E /* Debug */,
				3E4111DE2A25A74200FAE53E /* Release */,
			);
			defaultConfigurationIsVisible = 0;
			defaultConfigurationName = Release;
		};
		D35556762A28A5D500CA5ED5 /* Build configuration list for PBXNativeTarget "NotificationService" */ = {
			isa = XCConfigurationList;
			buildConfigurations = (
				D35556772A28A5D500CA5ED5 /* Debug */,
				D35556782A28A5D500CA5ED5 /* Release */,
			);
			defaultConfigurationIsVisible = 0;
			defaultConfigurationName = Release;
		};
		D35556992A28A6C100CA5ED5 /* Build configuration list for PBXNativeTarget "NotificationViewController" */ = {
			isa = XCConfigurationList;
			buildConfigurations = (
				D355569A2A28A6C100CA5ED5 /* Debug */,
				D355569B2A28A6C100CA5ED5 /* Release */,
			);
			defaultConfigurationIsVisible = 0;
			defaultConfigurationName = Release;
		};
/* End XCConfigurationList section */
	};
	rootObject = 3E4111C02A25A74100FAE53E /* Project object */;
}
